{
  "name": "barcodegenerator",
  "version": "1.0.0",
  "lockfileVersion": 1,
  "requires": true,
  "dependencies": {
    "argv": {
      "version": "0.0.2",
      "resolved": "https://registry.npmjs.org/argv/-/argv-0.0.2.tgz",
      "integrity": "sha1-7L0W+JSbFXGDcRsb2jNPN4QBhas="
    },
    "bwip-js": {
      "version": "1.7.4",
      "resolved": "https://registry.npmjs.org/bwip-js/-/bwip-js-1.7.4.tgz",
      "integrity": "sha512-JoAkH8YEF9EqT0mpGqpwj35qHcsfKgZJkWKGz43u9SgM6fNOwkv8YPTU7UdZGGO5m+xIc0hAq62cUlQ6u7BxGw==",
      "requires": {
        "argv": "0.0.2"
      }
    }
  }
}
